
Microsoft Visual Studio Solution File, Format Version 12.00
# Visual Studio 15
Project("{FAE04EC0-301F-11D3-BF4B-00C04F79EFBC}") = "Assembly-CSharp", "Assembly-CSharp.csproj", "{F3E95056-DC34-78A7-DA81-8DD1AB13B0EF}"
EndProject
Project("{FAE04EC0-301F-11D3-BF4B-00C04F79EFBC}") = "Assembly-CSharp-Editor", "Assembly-CSharp-Editor.csproj", "{A3FBD11D-0B3C-759D-6D2C-F91BC37E3286}"
EndProject
Global
	GlobalSection(SolutionConfigurationPlatforms) = preSolution
		Debug|Any CPU = Debug|Any CPU
		Release|Any CPU = Release|Any CPU
	EndGlobalSection
	GlobalSection(ProjectConfigurationPlatforms) = postSolution
		{F3E95056-DC34-78A7-DA81-8DD1AB13B0EF}.Debug|Any CPU.ActiveCfg = Debug|Any CPU
		{F3E95056-DC34-78A7-DA81-8DD1AB13B0EF}.Debug|Any CPU.Build.0 = Debug|Any CPU
		{F3E95056-DC34-78A7-DA81-8DD1AB13B0EF}.Release|Any CPU.ActiveCfg = Release|Any CPU
		{F3E95056-DC34-78A7-DA81-8DD1AB13B0EF}.Release|Any CPU.Build.0 = Release|Any CPU
		{A3FBD11D-0B3C-759D-6D2C-F91BC37E3286}.Debug|Any CPU.ActiveCfg = Debug|Any CPU
		{A3FBD11D-0B3C-759D-6D2C-F91BC37E3286}.Debug|Any CPU.Build.0 = Debug|Any CPU
		{A3FBD11D-0B3C-759D-6D2C-F91BC37E3286}.Release|Any CPU.ActiveCfg = Release|Any CPU
		{A3FBD11D-0B3C-759D-6D2C-F91BC37E3286}.Release|Any CPU.Build.0 = Release|Any CPU
	EndGlobalSection
	GlobalSection(SolutionProperties) = preSolution
		HideSolutionNode = FALSE
	EndGlobalSection
EndGlobal
